
Microsoft Visual Studio Solution File, Format Version 12.00
# Visual Studio Version 17
VisualStudioVersion = 17.6.33801.468
MinimumVisualStudioVersion = 10.0.40219.1
Project("{FAE04EC0-301F-11D3-BF4B-00C04F79EFBC}") = "Lab5", "Lab5.csproj", "{B5448C65-0D65-4598-BEB6-73872E9FDC95}"
EndProject
Global
	GlobalSection(SolutionConfigurationPlatforms) = preSolution
		Debug|Any CPU = Debug|Any CPU
		Release|Any CPU = Release|Any CPU
	EndGlobalSection
	GlobalSection(ProjectConfigurationPlatforms) = postSolution
		{B5448C65-0D65-4598-BEB6-73872E9FDC95}.Debug|Any CPU.ActiveCfg = Debug|Any CPU
		{B5448C65-0D65-4598-BEB6-73872E9FDC95}.Debug|Any CPU.Build.0 = Debug|Any CPU
		{B5448C65-0D65-4598-BEB6-73872E9FDC95}.Release|Any CPU.ActiveCfg = Release|Any CPU
		{B5448C65-0D65-4598-BEB6-73872E9FDC95}.Release|Any CPU.Build.0 = Release|Any CPU
	EndGlobalSection
	GlobalSection(SolutionProperties) = preSolution
		HideSolutionNode = FALSE
	EndGlobalSection
	GlobalSection(ExtensibilityGlobals) = postSolution
		SolutionGuid = {062BF97A-3342-4314-80D5-87DA90079D9F}
	EndGlobalSection
EndGlobal
